// !$*UTF8*$!
{
	archiveVersion = 1;
	classes = {
	};
	objectVersion = 51;
	objects = {

/* Begin PBXBuildFile section */
		183308FE242064B900CD9CAF /* AppDelegate.swift in Sources */ = {isa = PBXBuildFile; fileRef = 183308FD242064B900CD9CAF /* AppDelegate.swift */; };
		18330900242064B900CD9CAF /* SceneDelegate.swift in Sources */ = {isa = PBXBuildFile; fileRef = 183308FF242064B900CD9CAF /* SceneDelegate.swift */; };
		18330907242064BE00CD9CAF /* Assets.xcassets in Resources */ = {isa = PBXBuildFile; fileRef = 18330906242064BE00CD9CAF /* Assets.xcassets */; };
		1833090A242064BE00CD9CAF /* LaunchScreen.storyboard in Resources */ = {isa = PBXBuildFile; fileRef = 18330908242064BE00CD9CAF /* LaunchScreen.storyboard */; };
		1833091724206E3300CD9CAF /* UserList.storyboard in Resources */ = {isa = PBXBuildFile; fileRef = 1833091624206E3300CD9CAF /* UserList.storyboard */; };
		1833091924206FA900CD9CAF /* UserListVC.swift in Sources */ = {isa = PBXBuildFile; fileRef = 1833091824206FA900CD9CAF /* UserListVC.swift */; };
		1833091E2420704F00CD9CAF /* CornerView.swift in Sources */ = {isa = PBXBuildFile; fileRef = 1833091D2420704F00CD9CAF /* CornerView.swift */; };
		183309252420741A00CD9CAF /* UserDetail.storyboard in Resources */ = {isa = PBXBuildFile; fileRef = 183309242420741A00CD9CAF /* UserDetail.storyboard */; };
		183309272420744F00CD9CAF /* UserDetailVC.swift in Sources */ = {isa = PBXBuildFile; fileRef = 183309262420744F00CD9CAF /* UserDetailVC.swift */; };
		1833092924207C7A00CD9CAF /* UserDataModel.swift in Sources */ = {isa = PBXBuildFile; fileRef = 1833092824207C7A00CD9CAF /* UserDataModel.swift */; };
		1833092B24207E2600CD9CAF /* UserListViewModel.swift in Sources */ = {isa = PBXBuildFile; fileRef = 1833092A24207E2600CD9CAF /* UserListViewModel.swift */; };
		1833092E24207E8F00CD9CAF /* ApiService.swift in Sources */ = {isa = PBXBuildFile; fileRef = 1833092D24207E8F00CD9CAF /* ApiService.swift */; };
		6B40B52D474534B713533DF5 /* Pods_AccessExercise.framework in Frameworks */ = {isa = PBXBuildFile; fileRef = 28360449B9B29EDC6EFB7087 /* Pods_AccessExercise.framework */; };
/* End PBXBuildFile section */

/* Begin PBXFileReference section */
		183308FA242064B900CD9CAF /* AccessExercise.app */ = {isa = PBXFileReference; explicitFileType = wrapper.application; includeInIndex = 0; path = AccessExercise.app; sourceTree = BUILT_PRODUCTS_DIR; };
		183308FD242064B900CD9CAF /* AppDelegate.swift */ = {isa = PBXFileReference; lastKnownFileType = sourcecode.swift; path = AppDelegate.swift; sourceTree = "<group>"; };
		183308FF242064B900CD9CAF /* SceneDelegate.swift */ = {isa = PBXFileReference; lastKnownFileType = sourcecode.swift; path = SceneDelegate.swift; sourceTree = "<group>"; };
		18330906242064BE00CD9CAF /* Assets.xcassets */ = {isa = PBXFileReference; lastKnownFileType = folder.assetcatalog; path = Assets.xcassets; sourceTree = "<group>"; };
		18330909242064BE00CD9CAF /* Base */ = {isa = PBXFileReference; lastKnownFileType = file.storyboard; name = Base; path = Base.lproj/LaunchScreen.storyboard; sourceTree = "<group>"; };
		1833090B242064BE00CD9CAF /* Info.plist */ = {isa = PBXFileReference; lastKnownFileType = text.plist.xml; path = Info.plist; sourceTree = "<group>"; };
		1833091624206E3300CD9CAF /* UserList.storyboard */ = {isa = PBXFileReference; lastKnownFileType = file.storyboard; path = UserList.storyboard; sourceTree = "<group>"; };
		1833091824206FA900CD9CAF /* UserListVC.swift */ = {isa = PBXFileReference; lastKnownFileType = sourcecode.swift; path = UserListVC.swift; sourceTree = "<group>"; };
		1833091D2420704F00CD9CAF /* CornerView.swift */ = {isa = PBXFileReference; lastKnownFileType = sourcecode.swift; path = CornerView.swift; sourceTree = "<group>"; };
		183309242420741A00CD9CAF /* UserDetail.storyboard */ = {isa = PBXFileReference; lastKnownFileType = file.storyboard; path = UserDetail.storyboard; sourceTree = "<group>"; };
		183309262420744F00CD9CAF /* UserDetailVC.swift */ = {isa = PBXFileReference; lastKnownFileType = sourcecode.swift; path = UserDetailVC.swift; sourceTree = "<group>"; };
		1833092824207C7A00CD9CAF /* UserDataModel.swift */ = {isa = PBXFileReference; lastKnownFileType = sourcecode.swift; path = UserDataModel.swift; sourceTree = "<group>"; };
		1833092A24207E2600CD9CAF /* UserListViewModel.swift */ = {isa = PBXFileReference; lastKnownFileType = sourcecode.swift; path = UserListViewModel.swift; sourceTree = "<group>"; };
		1833092D24207E8F00CD9CAF /* ApiService.swift */ = {isa = PBXFileReference; lastKnownFileType = sourcecode.swift; path = ApiService.swift; sourceTree = "<group>"; };
		28360449B9B29EDC6EFB7087 /* Pods_AccessExercise.framework */ = {isa = PBXFileReference; explicitFileType = wrapper.framework; includeInIndex = 0; path = Pods_AccessExercise.framework; sourceTree = BUILT_PRODUCTS_DIR; };
		6ACB64F2FC34425886A2BE36 /* Pods-AccessExercise.release.xcconfig */ = {isa = PBXFileReference; includeInIndex = 1; lastKnownFileType = text.xcconfig; name = "Pods-AccessExercise.release.xcconfig"; path = "Target Support Files/Pods-AccessExercise/Pods-AccessExercise.release.xcconfig"; sourceTree = "<group>"; };
		EF59CF2F11C24CD120978F20 /* Pods-AccessExercise.debug.xcconfig */ = {isa = PBXFileReference; includeInIndex = 1; lastKnownFileType = text.xcconfig; name = "Pods-AccessExercise.debug.xcconfig"; path = "Target Support Files/Pods-AccessExercise/Pods-AccessExercise.debug.xcconfig"; sourceTree = "<group>"; };
/* End PBXFileReference section */

/* Begin PBXFrameworksBuildPhase section */
		183308F7242064B900CD9CAF /* Frameworks */ = {
			isa = PBXFrameworksBuildPhase;
			buildActionMask = 2147483647;
			files = (
				6B40B52D474534B713533DF5 /* Pods_AccessExercise.framework in Frameworks */,
			);
			runOnlyForDeploymentPostprocessing = 0;
		};
/* End PBXFrameworksBuildPhase section */

/* Begin PBXGroup section */
		1299A24C12D01FB28D516AE1 /* Pods */ = {
			isa = PBXGroup;
			children = (
				EF59CF2F11C24CD120978F20 /* Pods-AccessExercise.debug.xcconfig */,
				6ACB64F2FC34425886A2BE36 /* Pods-AccessExercise.release.xcconfig */,
			);
			path = Pods;
			sourceTree = "<group>";
		};
		183308F1242064B900CD9CAF = {
			isa = PBXGroup;
			children = (
				183308FC242064B900CD9CAF /* AccessExercise */,
				183308FB242064B900CD9CAF /* Products */,
				1299A24C12D01FB28D516AE1 /* Pods */,
				4E6F847E071C8FFCC06D4328 /* Frameworks */,
			);
			sourceTree = "<group>";
		};
		183308FB242064B900CD9CAF /* Products */ = {
			isa = PBXGroup;
			children = (
				183308FA242064B900CD9CAF /* AccessExercise.app */,
			);
			name = Products;
			sourceTree = "<group>";
		};
		183308FC242064B900CD9CAF /* AccessExercise */ = {
			isa = PBXGroup;
			children = (
				1833092C24207E8100CD9CAF /* Service */,
				1833091124206DB000CD9CAF /* UserList */,
				1833091F2420739800CD9CAF /* UserDetail */,
				1833091A24206FF100CD9CAF /* CustomView */,
				183308FD242064B900CD9CAF /* AppDelegate.swift */,
				183308FF242064B900CD9CAF /* SceneDelegate.swift */,
				18330906242064BE00CD9CAF /* Assets.xcassets */,
				18330908242064BE00CD9CAF /* LaunchScreen.storyboard */,
				1833090B242064BE00CD9CAF /* Info.plist */,
			);
			path = AccessExercise;
			sourceTree = "<group>";
		};
		1833091124206DB000CD9CAF /* UserList */ = {
			isa = PBXGroup;
			children = (
				1833091224206DDB00CD9CAF /* Model */,
				1833091324206DE700CD9CAF /* View */,
				1833091424206DF400CD9CAF /* ViewModel */,
				1833091524206E0800CD9CAF /* Controller */,
			);
			path = UserList;
			sourceTree = "<group>";
		};
		1833091224206DDB00CD9CAF /* Model */ = {
			isa = PBXGroup;
			children = (
				1833092824207C7A00CD9CAF /* UserDataModel.swift */,
			);
			path = Model;
			sourceTree = "<group>";
		};
		1833091324206DE700CD9CAF /* View */ = {
			isa = PBXGroup;
			children = (
				1833091624206E3300CD9CAF /* UserList.storyboard */,
			);
			path = View;
			sourceTree = "<group>";
		};
		1833091424206DF400CD9CAF /* ViewModel */ = {
			isa = PBXGroup;
			children = (
				1833092A24207E2600CD9CAF /* UserListViewModel.swift */,
			);
			path = ViewModel;
			sourceTree = "<group>";
		};
		1833091524206E0800CD9CAF /* Controller */ = {
			isa = PBXGroup;
			children = (
				1833091824206FA900CD9CAF /* UserListVC.swift */,
			);
			path = Controller;
			sourceTree = "<group>";
		};
		1833091A24206FF100CD9CAF /* CustomView */ = {
			isa = PBXGroup;
			children = (
				1833091D2420704F00CD9CAF /* CornerView.swift */,
			);
			path = CustomView;
			sourceTree = "<group>";
		};
		1833091F2420739800CD9CAF /* UserDetail */ = {
			isa = PBXGroup;
			children = (
				18330922242073F600CD9CAF /* Model */,
				18330920242073CF00CD9CAF /* View */,
				18330921242073ED00CD9CAF /* ViewModel */,
				18330923242073FB00CD9CAF /* Controller */,
			);
			path = UserDetail;
			sourceTree = "<group>";
		};
		18330920242073CF00CD9CAF /* View */ = {
			isa = PBXGroup;
			children = (
				183309242420741A00CD9CAF /* UserDetail.storyboard */,
			);
			path = View;
			sourceTree = "<group>";
		};
		18330921242073ED00CD9CAF /* ViewModel */ = {
			isa = PBXGroup;
			children = (
			);
			path = ViewModel;
			sourceTree = "<group>";
		};
		18330922242073F600CD9CAF /* Model */ = {
			isa = PBXGroup;
			children = (
			);
			path = Model;
			sourceTree = "<group>";
		};
		18330923242073FB00CD9CAF /* Controller */ = {
			isa = PBXGroup;
			children = (
				183309262420744F00CD9CAF /* UserDetailVC.swift */,
			);
			path = Controller;
			sourceTree = "<group>";
		};
		1833092C24207E8100CD9CAF /* Service */ = {
			isa = PBXGroup;
			children = (
				1833092D24207E8F00CD9CAF /* ApiService.swift */,
			);
			path = Service;
			sourceTree = "<group>";
		};
		4E6F847E071C8FFCC06D4328 /* Frameworks */ = {
			isa = PBXGroup;
			children = (
				28360449B9B29EDC6EFB7087 /* Pods_AccessExercise.framework */,
			);
			name = Frameworks;
			sourceTree = "<group>";
		};
/* End PBXGroup section */

/* Begin PBXNativeTarget section */
		183308F9242064B900CD9CAF /* AccessExercise */ = {
			isa = PBXNativeTarget;
			buildConfigurationList = 1833090E242064BE00CD9CAF /* Build configuration list for PBXNativeTarget "AccessExercise" */;
			buildPhases = (
				2A6068197CC305F0A8EE5B02 /* [CP] Check Pods Manifest.lock */,
				183308F6242064B900CD9CAF /* Sources */,
				183308F7242064B900CD9CAF /* Frameworks */,
				183308F8242064B900CD9CAF /* Resources */,
				704A3A383C8C46C77DC005EA /* [CP] Embed Pods Frameworks */,
			);
			buildRules = (
			);
			dependencies = (
			);
			name = AccessExercise;
			productName = AccessExercise;
			productReference = 183308FA242064B900CD9CAF /* AccessExercise.app */;
			productType = "com.apple.product-type.application";
		};
/* End PBXNativeTarget section */

/* Begin PBXProject section */
		183308F2242064B900CD9CAF /* Project object */ = {
			isa = PBXProject;
			attributes = {
				LastSwiftUpdateCheck = 1130;
				LastUpgradeCheck = 1130;
				ORGANIZATIONNAME = APPLE;
				TargetAttributes = {
					183308F9242064B900CD9CAF = {
						CreatedOnToolsVersion = 11.3.1;
					};
				};
			};
			buildConfigurationList = 183308F5242064B900CD9CAF /* Build configuration list for PBXProject "AccessExercise" */;
			compatibilityVersion = "Xcode 9.3";
			developmentRegion = en;
			hasScannedForEncodings = 0;
			knownRegions = (
				en,
				Base,
			);
			mainGroup = 183308F1242064B900CD9CAF;
			productRefGroup = 183308FB242064B900CD9CAF /* Products */;
			projectDirPath = "";
			projectRoot = "";
			targets = (
				183308F9242064B900CD9CAF /* AccessExercise */,
			);
		};
/* End PBXProject section */

/* Begin PBXResourcesBuildPhase section */
		183308F8242064B900CD9CAF /* Resources */ = {
			isa = PBXResourcesBuildPhase;
			buildActionMask = 2147483647;
			files = (
				1833090A242064BE00CD9CAF /* LaunchScreen.storyboard in Resources */,
				1833091724206E3300CD9CAF /* UserList.storyboard in Resources */,
				183309252420741A00CD9CAF /* UserDetail.storyboard in Resources */,
				18330907242064BE00CD9CAF /* Assets.xcassets in Resources */,
			);
			runOnlyForDeploymentPostprocessing = 0;
		};
/* End PBXResourcesBuildPhase section */

/* Begin PBXShellScriptBuildPhase section */
		2A6068197CC305F0A8EE5B02 /* [CP] Check Pods Manifest.lock */ = {
			isa = PBXShellScriptBuildPhase;
			buildActionMask = 2147483647;
			files = (
			);
			inputFileListPaths = (
			);
			inputPaths = (
				"${PODS_PODFILE_DIR_PATH}/Podfile.lock",
				"${PODS_ROOT}/Manifest.lock",
			);
			name = "[CP] Check Pods Manifest.lock";
			outputFileListPaths = (
			);
			outputPaths = (
				"$(DERIVED_FILE_DIR)/Pods-AccessExercise-checkManifestLockResult.txt",
			);
			runOnlyForDeploymentPostprocessing = 0;
			shellPath = /bin/sh;
			shellScript = "diff \"${PODS_PODFILE_DIR_PATH}/Podfile.lock\" \"${PODS_ROOT}/Manifest.lock\" > /dev/null\nif [ $? != 0 ] ; then\n    # print error to STDERR\n    echo \"error: The sandbox is not in sync with the Podfile.lock. Run 'pod install' or update your CocoaPods installation.\" >&2\n    exit 1\nfi\n# This output is used by Xcode 'outputs' to avoid re-running this script phase.\necho \"SUCCESS\" > \"${SCRIPT_OUTPUT_FILE_0}\"\n";
			showEnvVarsInLog = 0;
		};
		704A3A383C8C46C77DC005EA /* [CP] Embed Pods Frameworks */ = {
			isa = PBXShellScriptBuildPhase;
			buildActionMask = 2147483647;
			files = (
			);
			inputFileListPaths = (
				"${PODS_ROOT}/Target Support Files/Pods-AccessExercise/Pods-AccessExercise-frameworks-${CONFIGURATION}-input-files.xcfilelist",
			);
			name = "[CP] Embed Pods Frameworks";
			outputFileListPaths = (
				"${PODS_ROOT}/Target Support Files/Pods-AccessExercise/Pods-AccessExercise-frameworks-${CONFIGURATION}-output-files.xcfilelist",
			);
			runOnlyForDeploymentPostprocessing = 0;
			shellPath = /bin/sh;
			shellScript = "\"${PODS_ROOT}/Target Support Files/Pods-AccessExercise/Pods-AccessExercise-frameworks.sh\"\n";
			showEnvVarsInLog = 0;
		};
/* End PBXShellScriptBuildPhase section */

/* Begin PBXSourcesBuildPhase section */
		183308F6242064B900CD9CAF /* Sources */ = {
			isa = PBXSourcesBuildPhase;
			buildActionMask = 2147483647;
			files = (
				1833092924207C7A00CD9CAF /* UserDataModel.swift in Sources */,
				183308FE242064B900CD9CAF /* AppDelegate.swift in Sources */,
				1833092B24207E2600CD9CAF /* UserListViewModel.swift in Sources */,
				18330900242064B900CD9CAF /* SceneDelegate.swift in Sources */,
				1833091924206FA900CD9CAF /* UserListVC.swift in Sources */,
				1833091E2420704F00CD9CAF /* CornerView.swift in Sources */,
				1833092E24207E8F00CD9CAF /* ApiService.swift in Sources */,
				183309272420744F00CD9CAF /* UserDetailVC.swift in Sources */,
			);
			runOnlyForDeploymentPostprocessing = 0;
		};
/* End PBXSourcesBuildPhase section */

/* Begin PBXVariantGroup section */
		18330908242064BE00CD9CAF /* LaunchScreen.storyboard */ = {
			isa = PBXVariantGroup;
			children = (
				18330909242064BE00CD9CAF /* Base */,
			);
			name = LaunchScreen.storyboard;
			sourceTree = "<group>";
		};
/* End PBXVariantGroup section */

/* Begin XCBuildConfiguration section */
		1833090C242064BE00CD9CAF /* Debug */ = {
			isa = XCBuildConfiguration;
			buildSettings = {
				ALWAYS_SEARCH_USER_PATHS = NO;
				CLANG_ANALYZER_NONNULL = YES;
				CLANG_ANALYZER_NUMBER_OBJECT_CONVERSION = YES_AGGRESSIVE;
				CLANG_CXX_LANGUAGE_STANDARD = "gnu++14";
				CLANG_CXX_LIBRARY = "libc++";
				CLANG_ENABLE_MODULES = YES;
				CLANG_ENABLE_OBJC_ARC = YES;
				CLANG_ENABLE_OBJC_WEAK = YES;
				CLANG_WARN_BLOCK_CAPTURE_AUTORELEASING = YES;
				CLANG_WARN_BOOL_CONVERSION = YES;
				CLANG_WARN_COMMA = YES;
				CLANG_WARN_CONSTANT_CONVERSION = YES;
				CLANG_WARN_DEPRECATED_OBJC_IMPLEMENTATIONS = YES;
				CLANG_WARN_DIRECT_OBJC_ISA_USAGE = YES_ERROR;
				CLANG_WARN_DOCUMENTATION_COMMENTS = YES;
				CLANG_WARN_EMPTY_BODY = YES;
				CLANG_WARN_ENUM_CONVERSION = YES;
				CLANG_WARN_INFINITE_RECURSION = YES;
				CLANG_WARN_INT_CONVERSION = YES;
				CLANG_WARN_NON_LITERAL_NULL_CONVERSION = YES;
				CLANG_WARN_OBJC_IMPLICIT_RETAIN_SELF = YES;
				CLANG_WARN_OBJC_LITERAL_CONVERSION = YES;
				CLANG_WARN_OBJC_ROOT_CLASS = YES_ERROR;
				CLANG_WARN_RANGE_LOOP_ANALYSIS = YES;
				CLANG_WARN_STRICT_PROTOTYPES = YES;
				CLANG_WARN_SUSPICIOUS_MOVE = YES;
				CLANG_WARN_UNGUARDED_AVAILABILITY = YES_AGGRESSIVE;
				CLANG_WARN_UNREACHABLE_CODE = YES;
				CLANG_WARN__DUPLICATE_METHOD_MATCH = YES;
				COPY_PHASE_STRIP = NO;
				DEBUG_INFORMATION_FORMAT = dwarf;
				ENABLE_STRICT_OBJC_MSGSEND = YES;
				ENABLE_TESTABILITY = YES;
				GCC_C_LANGUAGE_STANDARD = gnu11;
				GCC_DYNAMIC_NO_PIC = NO;
				GCC_NO_COMMON_BLOCKS = YES;
				GCC_OPTIMIZATION_LEVEL = 0;
				GCC_PREPROCESSOR_DEFINITIONS = (
					"DEBUG=1",
					"$(inherited)",
				);
				GCC_WARN_64_TO_32_BIT_CONVERSION = YES;
				GCC_WARN_ABOUT_RETURN_TYPE = YES_ERROR;
				GCC_WARN_UNDECLARED_SELECTOR = YES;
				GCC_WARN_UNINITIALIZED_AUTOS = YES_AGGRESSIVE;
				GCC_WARN_UNUSED_FUNCTION = YES;
				GCC_WARN_UNUSED_VARIABLE = YES;
				IPHONEOS_DEPLOYMENT_TARGET = 13.2;
				MTL_ENABLE_DEBUG_INFO = INCLUDE_SOURCE;
				MTL_FAST_MATH = YES;
				ONLY_ACTIVE_ARCH = YES;
				SDKROOT = iphoneos;
				SWIFT_ACTIVE_COMPILATION_CONDITIONS = DEBUG;
				SWIFT_OPTIMIZATION_LEVEL = "-Onone";
			};
			name = Debug;
		};
		1833090D242064BE00CD9CAF /* Release */ = {
			isa = XCBuildConfiguration;
			buildSettings = {
				ALWAYS_SEARCH_USER_PATHS = NO;
				CLANG_ANALYZER_NONNULL = YES;
				CLANG_ANALYZER_NUMBER_OBJECT_CONVERSION = YES_AGGRESSIVE;
				CLANG_CXX_LANGUAGE_STANDARD = "gnu++14";
				CLANG_CXX_LIBRARY = "libc++";
				CLANG_ENABLE_MODULES = YES;
				CLANG_ENABLE_OBJC_ARC = YES;
				CLANG_ENABLE_OBJC_WEAK = YES;
				CLANG_WARN_BLOCK_CAPTURE_AUTORELEASING = YES;
				CLANG_WARN_BOOL_CONVERSION = YES;
				CLANG_WARN_COMMA = YES;
				CLANG_WARN_CONSTANT_CONVERSION = YES;
				CLANG_WARN_DEPRECATED_OBJC_IMPLEMENTATIONS = YES;
				CLANG_WARN_DIRECT_OBJC_ISA_USAGE = YES_ERROR;
				CLANG_WARN_DOCUMENTATION_COMMENTS = YES;
				CLANG_WARN_EMPTY_BODY = YES;
				CLANG_WARN_ENUM_CONVERSION = YES;
				CLANG_WARN_INFINITE_RECURSION = YES;
				CLANG_WARN_INT_CONVERSION = YES;
				CLANG_WARN_NON_LITERAL_NULL_CONVERSION = YES;
				CLANG_WARN_OBJC_IMPLICIT_RETAIN_SELF = YES;
				CLANG_WARN_OBJC_LITERAL_CONVERSION = YES;
				CLANG_WARN_OBJC_ROOT_CLASS = YES_ERROR;
				CLANG_WARN_RANGE_LOOP_ANALYSIS = YES;
				CLANG_WARN_STRICT_PROTOTYPES = YES;
				CLANG_WARN_SUSPICIOUS_MOVE = YES;
				CLANG_WARN_UNGUARDED_AVAILABILITY = YES_AGGRESSIVE;
				CLANG_WARN_UNREACHABLE_CODE = YES;
				CLANG_WARN__DUPLICATE_METHOD_MATCH = YES;
				COPY_PHASE_STRIP = NO;
				DEBUG_INFORMATION_FORMAT = "dwarf-with-dsym";
				ENABLE_NS_ASSERTIONS = NO;
				ENABLE_STRICT_OBJC_MSGSEND = YES;
				GCC_C_LANGUAGE_STANDARD = gnu11;
				GCC_NO_COMMON_BLOCKS = YES;
				GCC_WARN_64_TO_32_BIT_CONVERSION = YES;
				GCC_WARN_ABOUT_RETURN_TYPE = YES_ERROR;
				GCC_WARN_UNDECLARED_SELECTOR = YES;
				GCC_WARN_UNINITIALIZED_AUTOS = YES_AGGRESSIVE;
				GCC_WARN_UNUSED_FUNCTION = YES;
				GCC_WARN_UNUSED_VARIABLE = YES;
				IPHONEOS_DEPLOYMENT_TARGET = 13.2;
				MTL_ENABLE_DEBUG_INFO = NO;
				MTL_FAST_MATH = YES;
				SDKROOT = iphoneos;
				SWIFT_COMPILATION_MODE = wholemodule;
				SWIFT_OPTIMIZATION_LEVEL = "-O";
				VALIDATE_PRODUCT = YES;
			};
			name = Release;
		};
		1833090F242064BE00CD9CAF /* Debug */ = {
			isa = XCBuildConfiguration;
			baseConfigurationReference = EF59CF2F11C24CD120978F20 /* Pods-AccessExercise.debug.xcconfig */;
			buildSettings = {
				ASSETCATALOG_COMPILER_APPICON_NAME = AppIcon;
				CODE_SIGN_STYLE = Automatic;
				DEVELOPMENT_TEAM = W996GLLR7A;
				INFOPLIST_FILE = AccessExercise/Info.plist;
				LD_RUNPATH_SEARCH_PATHS = (
					"$(inherited)",
					"@executable_path/Frameworks",
				);
				PRODUCT_BUNDLE_IDENTIFIER = stan.proj.AccessExercise;
				PRODUCT_NAME = "$(TARGET_NAME)";
				SWIFT_VERSION = 5.0;
				TARGETED_DEVICE_FAMILY = "1,2";
			};
			name = Debug;
		};
		18330910242064BE00CD9CAF /* Release */ = {
			isa = XCBuildConfiguration;
			baseConfigurationReference = 6ACB64F2FC34425886A2BE36 /* Pods-AccessExercise.release.xcconfig */;
			buildSettings = {
				ASSETCATALOG_COMPILER_APPICON_NAME = AppIcon;
				CODE_SIGN_STYLE = Automatic;
				DEVELOPMENT_TEAM = W996GLLR7A;
				INFOPLIST_FILE = AccessExercise/Info.plist;
				LD_RUNPATH_SEARCH_PATHS = (
					"$(inherited)",
					"@executable_path/Frameworks",
				);
				PRODUCT_BUNDLE_IDENTIFIER = stan.proj.AccessExercise;
				PRODUCT_NAME = "$(TARGET_NAME)";
				SWIFT_VERSION = 5.0;
				TARGETED_DEVICE_FAMILY = "1,2";
			};
			name = Release;
		};
/* End XCBuildConfiguration section */

/* Begin XCConfigurationList section */
		183308F5242064B900CD9CAF /* Build configuration list for PBXProject "AccessExercise" */ = {
			isa = XCConfigurationList;
			buildConfigurations = (
				1833090C242064BE00CD9CAF /* Debug */,
				1833090D242064BE00CD9CAF /* Release */,
			);
			defaultConfigurationIsVisible = 0;
			defaultConfigurationName = Release;
		};
		1833090E242064BE00CD9CAF /* Build configuration list for PBXNativeTarget "AccessExercise" */ = {
			isa = XCConfigurationList;
			buildConfigurations = (
				1833090F242064BE00CD9CAF /* Debug */,
				18330910242064BE00CD9CAF /* Release */,
			);
			defaultConfigurationIsVisible = 0;
			defaultConfigurationName = Release;
		};
/* End XCConfigurationList section */
	};
	rootObject = 183308F2242064B900CD9CAF /* Project object */;
}
